
Microsoft Visual Studio Solution File, Format Version 12.00
# Visual Studio Version 17
VisualStudioVersion = 17.3.32922.545
MinimumVisualStudioVersion = 10.0.40219.1
Project("{8BC9CEB8-8B4A-11D0-8D11-00A0C91BC942}") = "01044001_abstraktna_fabryka", "01044001_abstraktna_fabryka.vcxproj", "{7001E573-EF1B-43B6-BCE8-D58E6B9A4BE6}"
EndProject
Global
	GlobalSection(SolutionConfigurationPlatforms) = preSolution
		Debug|x64 = Debug|x64
		Debug|x86 = Debug|x86
		Release|x64 = Release|x64
		Release|x86 = Release|x86
	EndGlobalSection
	GlobalSection(ProjectConfigurationPlatforms) = postSolution
		{7001E573-EF1B-43B6-BCE8-D58E6B9A4BE6}.Debug|x64.ActiveCfg = Debug|x64
		{7001E573-EF1B-43B6-BCE8-D58E6B9A4BE6}.Debug|x64.Build.0 = Debug|x64
		{7001E573-EF1B-43B6-BCE8-D58E6B9A4BE6}.Debug|x86.ActiveCfg = Debug|Win32
		{7001E573-EF1B-43B6-BCE8-D58E6B9A4BE6}.Debug|x86.Build.0 = Debug|Win32
		{7001E573-EF1B-43B6-BCE8-D58E6B9A4BE6}.Release|x64.ActiveCfg = Release|x64
		{7001E573-EF1B-43B6-BCE8-D58E6B9A4BE6}.Release|x64.Build.0 = Release|x64
		{7001E573-EF1B-43B6-BCE8-D58E6B9A4BE6}.Release|x86.ActiveCfg = Release|Win32
		{7001E573-EF1B-43B6-BCE8-D58E6B9A4BE6}.Release|x86.Build.0 = Release|Win32
	EndGlobalSection
	GlobalSection(SolutionProperties) = preSolution
		HideSolutionNode = FALSE
	EndGlobalSection
	GlobalSection(ExtensibilityGlobals) = postSolution
		SolutionGuid = {43D23BC8-41C7-44C8-B35F-3AE5C7001F3F}
	EndGlobalSection
EndGlobal
